{
    "_readme": [
        "This file locks the dependencies of your project to a known state",
        "Read more about it at http://getcomposer.org/doc/01-basic-usage.md#composer-lock-the-lock-file",
        "This file is @generated automatically"
    ],
    "hash": "e2e3bba1b6eb537e78affb5515cebcff",
    "packages": [
        {
            "name": "composer/installers",
            "version": "dev-master",
            "source": {
                "type": "git",
                "url": "https://github.com/composer/installers.git",
                "reference": "f8c20b427de1cfe7a28a015c1640ce4e4eef1e33"
            },
            "dist": {
                "type": "zip",
                "url": "https://api.github.com/repos/composer/installers/zipball/f8c20b427de1cfe7a28a015c1640ce4e4eef1e33",
                "reference": "f8c20b427de1cfe7a28a015c1640ce4e4eef1e33",
                "shasum": ""
            },
            "replace": {
                "roundcube/plugin-installer": "*",
                "shama/baton": "*"
            },
            "require-dev": {
                "composer/composer": "1.0.*@dev",
                "phpunit/phpunit": "4.1.*"
            },
            "type": "composer-installer",
            "extra": {
                "class": "Composer\\Installers\\Installer",
                "branch-alias": {
                    "dev-master": "1.0-dev"
                }
            },
            "autoload": {
                "psr-0": {
                    "Composer\\Installers\\": "src/"
                }
            },
            "notification-url": "https://packagist.org/downloads/",
            "license": [
                "MIT"
            ],
            "authors": [
                {
                    "name": "Kyle Robinson Young",
                    "email": "kyle@dontkry.com",
                    "homepage": "https://github.com/shama"
                }
            ],
            "description": "A multi-framework Composer library installer",
            "homepage": "http://composer.github.com/installers/",
            "keywords": [
                "Craft",
                "Dolibarr",
                "Hurad",
                "MODX Evo",
                "OXID",
                "SMF",
                "Thelia",
                "WolfCMS",
                "agl",
                "aimeos",
                "annotatecms",
                "bitrix",
                "cakephp",
                "chef",
                "codeigniter",
                "concrete5",
                "croogo",
                "dokuwiki",
                "drupal",
                "elgg",
                "fuelphp",
                "grav",
                "installer",
                "joomla",
                "kohana",
                "laravel",
                "lithium",
                "magento",
                "mako",
                "mediawiki",
                "modulework",
                "moodle",
                "phpbb",
                "piwik",
                "ppi",
                "puppet",
                "roundcube",
                "shopware",
                "silverstripe",
                "symfony",
                "typo3",
                "wordpress",
                "zend",
                "zikula"
            ],
            "time": "2015-03-26 16:11:30"
        },
        {
            "name": "drush/drush",
            "version": "6.4.0",
            "source": {
                "type": "git",
                "url": "https://github.com/drush-ops/drush.git",
                "reference": "fd4baef529c5d8afd6a44eea8f42b169b0a087e6"
            },
            "dist": {
                "type": "zip",
                "url": "https://api.github.com/repos/drush-ops/drush/zipball/fd4baef529c5d8afd6a44eea8f42b169b0a087e6",
                "reference": "fd4baef529c5d8afd6a44eea8f42b169b0a087e6",
                "shasum": ""
            },
            "require": {
                "php": ">=5.3.0"
            },
            "require-dev": {
                "phpunit/phpunit": ">=3.5"
            },
            "bin": [
                "drush",
                "drush.php",
                "drush.bat",
                "drush.complete.sh"
            ],
            "type": "library",
            "notification-url": "https://packagist.org/downloads/",
            "license": [
                "GPL-2.0+"
            ],
            "authors": [
                {
                    "name": "Moshe Weitzman",
                    "email": "weitzman@tejasa.com"
                },
                {
                    "name": "Owen Barton",
                    "email": "drupal@owenbarton.com"
                },
                {
                    "name": "Mark Sonnabaum",
                    "email": "marksonnabaum@gmail.com"
                },
                {
                    "name": "Antoine Beaupré",
                    "email": "anarcat@koumbit.org"
                },
                {
                    "name": "Greg Anderson",
                    "email": "greg.1.anderson@greenknowe.org"
                },
                {
                    "name": "Jonathan Araña Cruz",
                    "email": "jonhattan@faita.net"
                },
                {
                    "name": "Jonathan Hedstrom",
                    "email": "jhedstrom@gmail.com"
                }
            ],
            "description": "Drush is a command line shell and scripting interface for Drupal, a veritable Swiss Army knife designed to make life easier for those of us who spend some of our working hours hacking away at the command prompt.",
            "homepage": "http://www.drush.org",
            "time": "2014-08-29 02:23:51"
        },
        {
            "name": "nbcuots/publisher7",
            "version": "7.55.0",
            "source": {
                "type": "git",
                "url": "git@github.com:NBCUOTS/Publisher7.git",
                "reference": "e70c13f4516d9939779a14ab4b1546e95e1209ef"
            },
            "dist": {
                "type": "zip",
                "url": "https://api.github.com/repos/NBCUOTS/Publisher7/zipball/e70c13f4516d9939779a14ab4b1546e95e1209ef",
                "reference": "e70c13f4516d9939779a14ab4b1546e95e1209ef",
                "shasum": ""
            },
            "require": {
                "composer/installers": "dev-master",
                "drush/drush": "6.4.0"
            },
            "require-dev": {
                "drupal/coder": ">7",
                "facebook/webdriver": "dev-master",
                "jakub-onderka/php-parallel-lint": "0.*",
                "nbcuots/flo": "0.1.0",
                "phpmd/phpmd": "dev-master",
                "phpunit/php-code-coverage": "2.0.*",
                "phpunit/phpunit": "4.1.6",
                "sebastian/phpcpd": "*",
                "squizlabs/php_codesniffer": "1.5.6"
            },
            "type": "library",
            "license": [
                "GPL-2.0+"
            ],
            "description": "The base Publisher7 platform.",
            "support": {
                "source": "https://github.com/NBCUOTS/Publisher7/tree/7.55.0",
                "issues": "https://github.com/NBCUOTS/Publisher7/issues"
            },
            "time": "2015-03-18 14:15:24"
        }
    ],
    "packages-dev": [],
    "aliases": [],
    "minimum-stability": "stable",
    "stability-flags": {
        "composer/installers": 20
    },
    "prefer-stable": false,
    "prefer-lowest": false,
    "platform": [],
    "platform-dev": []
}
